
Microsoft Visual Studio Solution File, Format Version 12.00
# Visual Studio 15
VisualStudioVersion = 15.0.27703.2035
MinimumVisualStudioVersion = 10.0.40219.1
Project("{9A19103F-16F7-4668-BE54-9A1E7A4F7556}") = "AirportExplorer", "AirportExplorer\AirportExplorer.csproj", "{552CA97C-F67B-4485-AA38-1352E30F4B88}"
EndProject
Global
	GlobalSection(SolutionConfigurationPlatforms) = preSolution
		Debug|Any CPU = Debug|Any CPU
		Release|Any CPU = Release|Any CPU
	EndGlobalSection
	GlobalSection(ProjectConfigurationPlatforms) = postSolution
		{552CA97C-F67B-4485-AA38-1352E30F4B88}.Debug|Any CPU.ActiveCfg = Debug|Any CPU
		{552CA97C-F67B-4485-AA38-1352E30F4B88}.Debug|Any CPU.Build.0 = Debug|Any CPU
		{552CA97C-F67B-4485-AA38-1352E30F4B88}.Release|Any CPU.ActiveCfg = Release|Any CPU
		{552CA97C-F67B-4485-AA38-1352E30F4B88}.Release|Any CPU.Build.0 = Release|Any CPU
	EndGlobalSection
	GlobalSection(SolutionProperties) = preSolution
		HideSolutionNode = FALSE
	EndGlobalSection
	GlobalSection(ExtensibilityGlobals) = postSolution
		SolutionGuid = {8238D9C7-7F24-4EA6-A06F-2A2ACA41FD7E}
	EndGlobalSection
EndGlobal
